
Microsoft Visual Studio Solution File, Format Version 12.00
# Visual Studio Version 17
VisualStudioVersion = 17.5.002.0
MinimumVisualStudioVersion = 10.0.40219.1
Project("{9A19103F-16F7-4668-BE54-9A1E7A4F7556}") = "AzurefunctionsTutorial", "AzurefunctionsTutorial.csproj", "{6E0BD99F-06F5-47BF-83BD-8D0BDF80E46E}"
EndProject
Global
	GlobalSection(SolutionConfigurationPlatforms) = preSolution
		Debug|Any CPU = Debug|Any CPU
		Release|Any CPU = Release|Any CPU
	EndGlobalSection
	GlobalSection(ProjectConfigurationPlatforms) = postSolution
		{6E0BD99F-06F5-47BF-83BD-8D0BDF80E46E}.Debug|Any CPU.ActiveCfg = Debug|Any CPU
		{6E0BD99F-06F5-47BF-83BD-8D0BDF80E46E}.Debug|Any CPU.Build.0 = Debug|Any CPU
		{6E0BD99F-06F5-47BF-83BD-8D0BDF80E46E}.Release|Any CPU.ActiveCfg = Release|Any CPU
		{6E0BD99F-06F5-47BF-83BD-8D0BDF80E46E}.Release|Any CPU.Build.0 = Release|Any CPU
	EndGlobalSection
	GlobalSection(SolutionProperties) = preSolution
		HideSolutionNode = FALSE
	EndGlobalSection
	GlobalSection(ExtensibilityGlobals) = postSolution
		SolutionGuid = {4BC6D37F-E29F-43A5-BEFC-7332AC9E7C02}
	EndGlobalSection
EndGlobal
